// !$*UTF8*$!
{
	archiveVersion = 1;
	classes = {
	};
	objectVersion = 55;
	objects = {

/* Begin PBXBuildFile section */
		938BC89229D06E1B0099EB7B /* swiftui_projectApp.swift in Sources */ = {isa = PBXBuildFile; fileRef = 938BC89129D06E1B0099EB7B /* swiftui_projectApp.swift */; };
		938BC89629D06E1D0099EB7B /* Assets.xcassets in Resources */ = {isa = PBXBuildFile; fileRef = 938BC89529D06E1D0099EB7B /* Assets.xcassets */; };
		938BC89929D06E1D0099EB7B /* Preview Assets.xcassets in Resources */ = {isa = PBXBuildFile; fileRef = 938BC89829D06E1D0099EB7B /* Preview Assets.xcassets */; };
		938BC89B29D06E1D0099EB7B /* Persistence.swift in Sources */ = {isa = PBXBuildFile; fileRef = 938BC89A29D06E1D0099EB7B /* Persistence.swift */; };
		938BC89E29D06E1D0099EB7B /* swiftui_project.xcdatamodeld in Sources */ = {isa = PBXBuildFile; fileRef = 938BC89C29D06E1D0099EB7B /* swiftui_project.xcdatamodeld */; };
		938BC8AB29D06F660099EB7B /* Constant.swift in Sources */ = {isa = PBXBuildFile; fileRef = 938BC8AA29D06F660099EB7B /* Constant.swift */; };
		938BC8AD29D06FDE0099EB7B /* MainView.swift in Sources */ = {isa = PBXBuildFile; fileRef = 938BC8AC29D06FDE0099EB7B /* MainView.swift */; };
		938BC8AF29D072010099EB7B /* View+Extensions.swift in Sources */ = {isa = PBXBuildFile; fileRef = 938BC8AE29D072010099EB7B /* View+Extensions.swift */; };
		938BC8B129D0726A0099EB7B /* Color+Extensions.swift in Sources */ = {isa = PBXBuildFile; fileRef = 938BC8B029D0726A0099EB7B /* Color+Extensions.swift */; };
		938BC8B529D075570099EB7B /* TaskItemView.swift in Sources */ = {isa = PBXBuildFile; fileRef = 938BC8B429D075570099EB7B /* TaskItemView.swift */; };
		938BC8B729D0756E0099EB7B /* ConfigureEventView.swift in Sources */ = {isa = PBXBuildFile; fileRef = 938BC8B629D0756E0099EB7B /* ConfigureEventView.swift */; };
		938BC8B929D0757E0099EB7B /* TaskItemDetailsView.swift in Sources */ = {isa = PBXBuildFile; fileRef = 938BC8B829D0757D0099EB7B /* TaskItemDetailsView.swift */; };
		938BC8BB29D075AA0099EB7B /* TaskItem.swift in Sources */ = {isa = PBXBuildFile; fileRef = 938BC8BA29D075AA0099EB7B /* TaskItem.swift */; };
		938BC8BD29D0966D0099EB7B /* Modifiers.swift in Sources */ = {isa = PBXBuildFile; fileRef = 938BC8BC29D0966D0099EB7B /* Modifiers.swift */; };
/* End PBXBuildFile section */

/* Begin PBXFileReference section */
		938BC88E29D06E1B0099EB7B /* swiftui-project.app */ = {isa = PBXFileReference; explicitFileType = wrapper.application; includeInIndex = 0; path = "swiftui-project.app"; sourceTree = BUILT_PRODUCTS_DIR; };
		938BC89129D06E1B0099EB7B /* swiftui_projectApp.swift */ = {isa = PBXFileReference; lastKnownFileType = sourcecode.swift; path = swiftui_projectApp.swift; sourceTree = "<group>"; };
		938BC89529D06E1D0099EB7B /* Assets.xcassets */ = {isa = PBXFileReference; lastKnownFileType = folder.assetcatalog; path = Assets.xcassets; sourceTree = "<group>"; };
		938BC89829D06E1D0099EB7B /* Preview Assets.xcassets */ = {isa = PBXFileReference; lastKnownFileType = folder.assetcatalog; path = "Preview Assets.xcassets"; sourceTree = "<group>"; };
		938BC89A29D06E1D0099EB7B /* Persistence.swift */ = {isa = PBXFileReference; lastKnownFileType = sourcecode.swift; path = Persistence.swift; sourceTree = "<group>"; };
		938BC89D29D06E1D0099EB7B /* swiftui_project.xcdatamodel */ = {isa = PBXFileReference; lastKnownFileType = wrapper.xcdatamodel; path = swiftui_project.xcdatamodel; sourceTree = "<group>"; };
		938BC8AA29D06F660099EB7B /* Constant.swift */ = {isa = PBXFileReference; lastKnownFileType = sourcecode.swift; path = Constant.swift; sourceTree = "<group>"; };
		938BC8AC29D06FDE0099EB7B /* MainView.swift */ = {isa = PBXFileReference; lastKnownFileType = sourcecode.swift; path = MainView.swift; sourceTree = "<group>"; };
		938BC8AE29D072010099EB7B /* View+Extensions.swift */ = {isa = PBXFileReference; lastKnownFileType = sourcecode.swift; path = "View+Extensions.swift"; sourceTree = "<group>"; };
		938BC8B029D0726A0099EB7B /* Color+Extensions.swift */ = {isa = PBXFileReference; lastKnownFileType = sourcecode.swift; path = "Color+Extensions.swift"; sourceTree = "<group>"; };
		938BC8B429D075570099EB7B /* TaskItemView.swift */ = {isa = PBXFileReference; lastKnownFileType = sourcecode.swift; path = TaskItemView.swift; sourceTree = "<group>"; };
		938BC8B629D0756E0099EB7B /* ConfigureEventView.swift */ = {isa = PBXFileReference; lastKnownFileType = sourcecode.swift; path = ConfigureEventView.swift; sourceTree = "<group>"; };
		938BC8B829D0757D0099EB7B /* TaskItemDetailsView.swift */ = {isa = PBXFileReference; lastKnownFileType = sourcecode.swift; path = TaskItemDetailsView.swift; sourceTree = "<group>"; };
		938BC8BA29D075AA0099EB7B /* TaskItem.swift */ = {isa = PBXFileReference; lastKnownFileType = sourcecode.swift; path = TaskItem.swift; sourceTree = "<group>"; };
		938BC8BC29D0966D0099EB7B /* Modifiers.swift */ = {isa = PBXFileReference; lastKnownFileType = sourcecode.swift; path = Modifiers.swift; sourceTree = "<group>"; };
/* End PBXFileReference section */

/* Begin PBXFrameworksBuildPhase section */
		938BC88B29D06E1B0099EB7B /* Frameworks */ = {
			isa = PBXFrameworksBuildPhase;
			buildActionMask = 2147483647;
			files = (
			);
			runOnlyForDeploymentPostprocessing = 0;
		};
/* End PBXFrameworksBuildPhase section */

/* Begin PBXGroup section */
		938BC88529D06E1B0099EB7B = {
			isa = PBXGroup;
			children = (
				938BC89029D06E1B0099EB7B /* swiftui-project */,
				938BC88F29D06E1B0099EB7B /* Products */,
			);
			sourceTree = "<group>";
		};
		938BC88F29D06E1B0099EB7B /* Products */ = {
			isa = PBXGroup;
			children = (
				938BC88E29D06E1B0099EB7B /* swiftui-project.app */,
			);
			name = Products;
			sourceTree = "<group>";
		};
		938BC89029D06E1B0099EB7B /* swiftui-project */ = {
			isa = PBXGroup;
			children = (
				938BC8A929D06EBB0099EB7B /* Extensions */,
				938BC8A829D06EB50099EB7B /* Services */,
				938BC8A729D06E620099EB7B /* Utility */,
				938BC8A629D06E3E0099EB7B /* Model */,
				938BC8A529D06E2C0099EB7B /* View */,
				938BC8A429D06E250099EB7B /* ViewModel */,
				938BC89129D06E1B0099EB7B /* swiftui_projectApp.swift */,
				938BC89529D06E1D0099EB7B /* Assets.xcassets */,
				938BC89A29D06E1D0099EB7B /* Persistence.swift */,
				938BC89C29D06E1D0099EB7B /* swiftui_project.xcdatamodeld */,
				938BC89729D06E1D0099EB7B /* Preview Content */,
			);
			path = "swiftui-project";
			sourceTree = "<group>";
		};
		938BC89729D06E1D0099EB7B /* Preview Content */ = {
			isa = PBXGroup;
			children = (
				938BC89829D06E1D0099EB7B /* Preview Assets.xcassets */,
			);
			path = "Preview Content";
			sourceTree = "<group>";
		};
		938BC8A429D06E250099EB7B /* ViewModel */ = {
			isa = PBXGroup;
			children = (
			);
			path = ViewModel;
			sourceTree = "<group>";
		};
		938BC8A529D06E2C0099EB7B /* View */ = {
			isa = PBXGroup;
			children = (
				938BC8AC29D06FDE0099EB7B /* MainView.swift */,
				938BC8B429D075570099EB7B /* TaskItemView.swift */,
				938BC8B629D0756E0099EB7B /* ConfigureEventView.swift */,
				938BC8B829D0757D0099EB7B /* TaskItemDetailsView.swift */,
			);
			path = View;
			sourceTree = "<group>";
		};
		938BC8A629D06E3E0099EB7B /* Model */ = {
			isa = PBXGroup;
			children = (
				938BC8BA29D075AA0099EB7B /* TaskItem.swift */,
			);
			path = Model;
			sourceTree = "<group>";
		};
		938BC8A729D06E620099EB7B /* Utility */ = {
			isa = PBXGroup;
			children = (
				938BC8AA29D06F660099EB7B /* Constant.swift */,
				938BC8BC29D0966D0099EB7B /* Modifiers.swift */,
			);
			path = Utility;
			sourceTree = "<group>";
		};
		938BC8A829D06EB50099EB7B /* Services */ = {
			isa = PBXGroup;
			children = (
			);
			path = Services;
			sourceTree = "<group>";
		};
		938BC8A929D06EBB0099EB7B /* Extensions */ = {
			isa = PBXGroup;
			children = (
				938BC8AE29D072010099EB7B /* View+Extensions.swift */,
				938BC8B029D0726A0099EB7B /* Color+Extensions.swift */,
			);
			path = Extensions;
			sourceTree = "<group>";
		};
/* End PBXGroup section */

/* Begin PBXNativeTarget section */
		938BC88D29D06E1B0099EB7B /* swiftui-project */ = {
			isa = PBXNativeTarget;
			buildConfigurationList = 938BC8A129D06E1D0099EB7B /* Build configuration list for PBXNativeTarget "swiftui-project" */;
			buildPhases = (
				938BC88A29D06E1B0099EB7B /* Sources */,
				938BC88B29D06E1B0099EB7B /* Frameworks */,
				938BC88C29D06E1B0099EB7B /* Resources */,
			);
			buildRules = (
			);
			dependencies = (
			);
			name = "swiftui-project";
			productName = "swiftui-project";
			productReference = 938BC88E29D06E1B0099EB7B /* swiftui-project.app */;
			productType = "com.apple.product-type.application";
		};
/* End PBXNativeTarget section */

/* Begin PBXProject section */
		938BC88629D06E1B0099EB7B /* Project object */ = {
			isa = PBXProject;
			attributes = {
				BuildIndependentTargetsInParallel = 1;
				LastSwiftUpdateCheck = 1340;
				LastUpgradeCheck = 1340;
				TargetAttributes = {
					938BC88D29D06E1B0099EB7B = {
						CreatedOnToolsVersion = 13.4.1;
					};
				};
			};
			buildConfigurationList = 938BC88929D06E1B0099EB7B /* Build configuration list for PBXProject "swiftui-project" */;
			compatibilityVersion = "Xcode 13.0";
			developmentRegion = en;
			hasScannedForEncodings = 0;
			knownRegions = (
				en,
				Base,
			);
			mainGroup = 938BC88529D06E1B0099EB7B;
			productRefGroup = 938BC88F29D06E1B0099EB7B /* Products */;
			projectDirPath = "";
			projectRoot = "";
			targets = (
				938BC88D29D06E1B0099EB7B /* swiftui-project */,
			);
		};
/* End PBXProject section */

/* Begin PBXResourcesBuildPhase section */
		938BC88C29D06E1B0099EB7B /* Resources */ = {
			isa = PBXResourcesBuildPhase;
			buildActionMask = 2147483647;
			files = (
				938BC89929D06E1D0099EB7B /* Preview Assets.xcassets in Resources */,
				938BC89629D06E1D0099EB7B /* Assets.xcassets in Resources */,
			);
			runOnlyForDeploymentPostprocessing = 0;
		};
/* End PBXResourcesBuildPhase section */

/* Begin PBXSourcesBuildPhase section */
		938BC88A29D06E1B0099EB7B /* Sources */ = {
			isa = PBXSourcesBuildPhase;
			buildActionMask = 2147483647;
			files = (
				938BC89B29D06E1D0099EB7B /* Persistence.swift in Sources */,
				938BC8B929D0757E0099EB7B /* TaskItemDetailsView.swift in Sources */,
				938BC8AD29D06FDE0099EB7B /* MainView.swift in Sources */,
				938BC8B529D075570099EB7B /* TaskItemView.swift in Sources */,
				938BC8BD29D0966D0099EB7B /* Modifiers.swift in Sources */,
				938BC89E29D06E1D0099EB7B /* swiftui_project.xcdatamodeld in Sources */,
				938BC8BB29D075AA0099EB7B /* TaskItem.swift in Sources */,
				938BC8AB29D06F660099EB7B /* Constant.swift in Sources */,
				938BC8B129D0726A0099EB7B /* Color+Extensions.swift in Sources */,
				938BC8AF29D072010099EB7B /* View+Extensions.swift in Sources */,
				938BC8B729D0756E0099EB7B /* ConfigureEventView.swift in Sources */,
				938BC89229D06E1B0099EB7B /* swiftui_projectApp.swift in Sources */,
			);
			runOnlyForDeploymentPostprocessing = 0;
		};
/* End PBXSourcesBuildPhase section */

/* Begin XCBuildConfiguration section */
		938BC89F29D06E1D0099EB7B /* Debug */ = {
			isa = XCBuildConfiguration;
			buildSettings = {
				ALWAYS_SEARCH_USER_PATHS = NO;
				CLANG_ANALYZER_NONNULL = YES;
				CLANG_ANALYZER_NUMBER_OBJECT_CONVERSION = YES_AGGRESSIVE;
				CLANG_CXX_LANGUAGE_STANDARD = "gnu++17";
				CLANG_ENABLE_MODULES = YES;
				CLANG_ENABLE_OBJC_ARC = YES;
				CLANG_ENABLE_OBJC_WEAK = YES;
				CLANG_WARN_BLOCK_CAPTURE_AUTORELEASING = YES;
				CLANG_WARN_BOOL_CONVERSION = YES;
				CLANG_WARN_COMMA = YES;
				CLANG_WARN_CONSTANT_CONVERSION = YES;
				CLANG_WARN_DEPRECATED_OBJC_IMPLEMENTATIONS = YES;
				CLANG_WARN_DIRECT_OBJC_ISA_USAGE = YES_ERROR;
				CLANG_WARN_DOCUMENTATION_COMMENTS = YES;
				CLANG_WARN_EMPTY_BODY = YES;
				CLANG_WARN_ENUM_CONVERSION = YES;
				CLANG_WARN_INFINITE_RECURSION = YES;
				CLANG_WARN_INT_CONVERSION = YES;
				CLANG_WARN_NON_LITERAL_NULL_CONVERSION = YES;
				CLANG_WARN_OBJC_IMPLICIT_RETAIN_SELF = YES;
				CLANG_WARN_OBJC_LITERAL_CONVERSION = YES;
				CLANG_WARN_OBJC_ROOT_CLASS = YES_ERROR;
				CLANG_WARN_QUOTED_INCLUDE_IN_FRAMEWORK_HEADER = YES;
				CLANG_WARN_RANGE_LOOP_ANALYSIS = YES;
				CLANG_WARN_STRICT_PROTOTYPES = YES;
				CLANG_WARN_SUSPICIOUS_MOVE = YES;
				CLANG_WARN_UNGUARDED_AVAILABILITY = YES_AGGRESSIVE;
				CLANG_WARN_UNREACHABLE_CODE = YES;
				CLANG_WARN__DUPLICATE_METHOD_MATCH = YES;
				COPY_PHASE_STRIP = NO;
				DEBUG_INFORMATION_FORMAT = dwarf;
				ENABLE_STRICT_OBJC_MSGSEND = YES;
				ENABLE_TESTABILITY = YES;
				GCC_C_LANGUAGE_STANDARD = gnu11;
				GCC_DYNAMIC_NO_PIC = NO;
				GCC_NO_COMMON_BLOCKS = YES;
				GCC_OPTIMIZATION_LEVEL = 0;
				GCC_PREPROCESSOR_DEFINITIONS = (
					"DEBUG=1",
					"$(inherited)",
				);
				GCC_WARN_64_TO_32_BIT_CONVERSION = YES;
				GCC_WARN_ABOUT_RETURN_TYPE = YES_ERROR;
				GCC_WARN_UNDECLARED_SELECTOR = YES;
				GCC_WARN_UNINITIALIZED_AUTOS = YES_AGGRESSIVE;
				GCC_WARN_UNUSED_FUNCTION = YES;
				GCC_WARN_UNUSED_VARIABLE = YES;
				IPHONEOS_DEPLOYMENT_TARGET = 15.5;
				MTL_ENABLE_DEBUG_INFO = INCLUDE_SOURCE;
				MTL_FAST_MATH = YES;
				ONLY_ACTIVE_ARCH = YES;
				SDKROOT = iphoneos;
				SWIFT_ACTIVE_COMPILATION_CONDITIONS = DEBUG;
				SWIFT_OPTIMIZATION_LEVEL = "-Onone";
			};
			name = Debug;
		};
		938BC8A029D06E1D0099EB7B /* Release */ = {
			isa = XCBuildConfiguration;
			buildSettings = {
				ALWAYS_SEARCH_USER_PATHS = NO;
				CLANG_ANALYZER_NONNULL = YES;
				CLANG_ANALYZER_NUMBER_OBJECT_CONVERSION = YES_AGGRESSIVE;
				CLANG_CXX_LANGUAGE_STANDARD = "gnu++17";
				CLANG_ENABLE_MODULES = YES;
				CLANG_ENABLE_OBJC_ARC = YES;
				CLANG_ENABLE_OBJC_WEAK = YES;
				CLANG_WARN_BLOCK_CAPTURE_AUTORELEASING = YES;
				CLANG_WARN_BOOL_CONVERSION = YES;
				CLANG_WARN_COMMA = YES;
				CLANG_WARN_CONSTANT_CONVERSION = YES;
				CLANG_WARN_DEPRECATED_OBJC_IMPLEMENTATIONS = YES;
				CLANG_WARN_DIRECT_OBJC_ISA_USAGE = YES_ERROR;
				CLANG_WARN_DOCUMENTATION_COMMENTS = YES;
				CLANG_WARN_EMPTY_BODY = YES;
				CLANG_WARN_ENUM_CONVERSION = YES;
				CLANG_WARN_INFINITE_RECURSION = YES;
				CLANG_WARN_INT_CONVERSION = YES;
				CLANG_WARN_NON_LITERAL_NULL_CONVERSION = YES;
				CLANG_WARN_OBJC_IMPLICIT_RETAIN_SELF = YES;
				CLANG_WARN_OBJC_LITERAL_CONVERSION = YES;
				CLANG_WARN_OBJC_ROOT_CLASS = YES_ERROR;
				CLANG_WARN_QUOTED_INCLUDE_IN_FRAMEWORK_HEADER = YES;
				CLANG_WARN_RANGE_LOOP_ANALYSIS = YES;
				CLANG_WARN_STRICT_PROTOTYPES = YES;
				CLANG_WARN_SUSPICIOUS_MOVE = YES;
				CLANG_WARN_UNGUARDED_AVAILABILITY = YES_AGGRESSIVE;
				CLANG_WARN_UNREACHABLE_CODE = YES;
				CLANG_WARN__DUPLICATE_METHOD_MATCH = YES;
				COPY_PHASE_STRIP = NO;
				DEBUG_INFORMATION_FORMAT = "dwarf-with-dsym";
				ENABLE_NS_ASSERTIONS = NO;
				ENABLE_STRICT_OBJC_MSGSEND = YES;
				GCC_C_LANGUAGE_STANDARD = gnu11;
				GCC_NO_COMMON_BLOCKS = YES;
				GCC_WARN_64_TO_32_BIT_CONVERSION = YES;
				GCC_WARN_ABOUT_RETURN_TYPE = YES_ERROR;
				GCC_WARN_UNDECLARED_SELECTOR = YES;
				GCC_WARN_UNINITIALIZED_AUTOS = YES_AGGRESSIVE;
				GCC_WARN_UNUSED_FUNCTION = YES;
				GCC_WARN_UNUSED_VARIABLE = YES;
				IPHONEOS_DEPLOYMENT_TARGET = 15.5;
				MTL_ENABLE_DEBUG_INFO = NO;
				MTL_FAST_MATH = YES;
				SDKROOT = iphoneos;
				SWIFT_COMPILATION_MODE = wholemodule;
				SWIFT_OPTIMIZATION_LEVEL = "-O";
				VALIDATE_PRODUCT = YES;
			};
			name = Release;
		};
		938BC8A229D06E1D0099EB7B /* Debug */ = {
			isa = XCBuildConfiguration;
			buildSettings = {
				ASSETCATALOG_COMPILER_APPICON_NAME = AppIcon;
				ASSETCATALOG_COMPILER_GLOBAL_ACCENT_COLOR_NAME = AccentColor;
				CODE_SIGN_STYLE = Automatic;
				CURRENT_PROJECT_VERSION = 1;
				DEVELOPMENT_ASSET_PATHS = "\"swiftui-project/Preview Content\"";
				DEVELOPMENT_TEAM = FC5NB44AQ2;
				ENABLE_PREVIEWS = YES;
				GENERATE_INFOPLIST_FILE = YES;
				INFOPLIST_KEY_UIApplicationSceneManifest_Generation = YES;
				INFOPLIST_KEY_UIApplicationSupportsIndirectInputEvents = YES;
				INFOPLIST_KEY_UILaunchScreen_Generation = YES;
				INFOPLIST_KEY_UISupportedInterfaceOrientations_iPad = "UIInterfaceOrientationPortrait UIInterfaceOrientationPortraitUpsideDown UIInterfaceOrientationLandscapeLeft UIInterfaceOrientationLandscapeRight";
				INFOPLIST_KEY_UISupportedInterfaceOrientations_iPhone = "UIInterfaceOrientationPortrait UIInterfaceOrientationLandscapeLeft UIInterfaceOrientationLandscapeRight";
				LD_RUNPATH_SEARCH_PATHS = (
					"$(inherited)",
					"@executable_path/Frameworks",
				);
				MARKETING_VERSION = 1.0;
				PRODUCT_BUNDLE_IDENTIFIER = "com.markdaquis.swiftui-project";
				PRODUCT_NAME = "$(TARGET_NAME)";
				SWIFT_EMIT_LOC_STRINGS = YES;
				SWIFT_VERSION = 5.0;
				TARGETED_DEVICE_FAMILY = "1,2";
			};
			name = Debug;
		};
		938BC8A329D06E1D0099EB7B /* Release */ = {
			isa = XCBuildConfiguration;
			buildSettings = {
				ASSETCATALOG_COMPILER_APPICON_NAME = AppIcon;
				ASSETCATALOG_COMPILER_GLOBAL_ACCENT_COLOR_NAME = AccentColor;
				CODE_SIGN_STYLE = Automatic;
				CURRENT_PROJECT_VERSION = 1;
				DEVELOPMENT_ASSET_PATHS = "\"swiftui-project/Preview Content\"";
				DEVELOPMENT_TEAM = FC5NB44AQ2;
				ENABLE_PREVIEWS = YES;
				GENERATE_INFOPLIST_FILE = YES;
				INFOPLIST_KEY_UIApplicationSceneManifest_Generation = YES;
				INFOPLIST_KEY_UIApplicationSupportsIndirectInputEvents = YES;
				INFOPLIST_KEY_UILaunchScreen_Generation = YES;
				INFOPLIST_KEY_UISupportedInterfaceOrientations_iPad = "UIInterfaceOrientationPortrait UIInterfaceOrientationPortraitUpsideDown UIInterfaceOrientationLandscapeLeft UIInterfaceOrientationLandscapeRight";
				INFOPLIST_KEY_UISupportedInterfaceOrientations_iPhone = "UIInterfaceOrientationPortrait UIInterfaceOrientationLandscapeLeft UIInterfaceOrientationLandscapeRight";
				LD_RUNPATH_SEARCH_PATHS = (
					"$(inherited)",
					"@executable_path/Frameworks",
				);
				MARKETING_VERSION = 1.0;
				PRODUCT_BUNDLE_IDENTIFIER = "com.markdaquis.swiftui-project";
				PRODUCT_NAME = "$(TARGET_NAME)";
				SWIFT_EMIT_LOC_STRINGS = YES;
				SWIFT_VERSION = 5.0;
				TARGETED_DEVICE_FAMILY = "1,2";
			};
			name = Release;
		};
/* End XCBuildConfiguration section */

/* Begin XCConfigurationList section */
		938BC88929D06E1B0099EB7B /* Build configuration list for PBXProject "swiftui-project" */ = {
			isa = XCConfigurationList;
			buildConfigurations = (
				938BC89F29D06E1D0099EB7B /* Debug */,
				938BC8A029D06E1D0099EB7B /* Release */,
			);
			defaultConfigurationIsVisible = 0;
			defaultConfigurationName = Release;
		};
		938BC8A129D06E1D0099EB7B /* Build configuration list for PBXNativeTarget "swiftui-project" */ = {
			isa = XCConfigurationList;
			buildConfigurations = (
				938BC8A229D06E1D0099EB7B /* Debug */,
				938BC8A329D06E1D0099EB7B /* Release */,
			);
			defaultConfigurationIsVisible = 0;
			defaultConfigurationName = Release;
		};
/* End XCConfigurationList section */

/* Begin XCVersionGroup section */
		938BC89C29D06E1D0099EB7B /* swiftui_project.xcdatamodeld */ = {
			isa = XCVersionGroup;
			children = (
				938BC89D29D06E1D0099EB7B /* swiftui_project.xcdatamodel */,
			);
			currentVersion = 938BC89D29D06E1D0099EB7B /* swiftui_project.xcdatamodel */;
			path = swiftui_project.xcdatamodeld;
			sourceTree = "<group>";
			versionGroupType = wrapper.xcdatamodel;
		};
/* End XCVersionGroup section */
	};
	rootObject = 938BC88629D06E1B0099EB7B /* Project object */;
}
